
Microsoft Visual Studio Solution File, Format Version 12.00
# Visual Studio Version 16
VisualStudioVersion = 16.0.33214.272
MinimumVisualStudioVersion = 10.0.40219.1
Project("{FAE04EC0-301F-11D3-BF4B-00C04F79EFBC}") = "фигня", "фигня\фигня.csproj", "{1B3B4C23-B26C-4064-AECD-D4F7A140A323}"
EndProject
Global
	GlobalSection(SolutionConfigurationPlatforms) = preSolution
		Debug|Any CPU = Debug|Any CPU
		Release|Any CPU = Release|Any CPU
	EndGlobalSection
	GlobalSection(ProjectConfigurationPlatforms) = postSolution
		{1B3B4C23-B26C-4064-AECD-D4F7A140A323}.Debug|Any CPU.ActiveCfg = Debug|Any CPU
		{1B3B4C23-B26C-4064-AECD-D4F7A140A323}.Debug|Any CPU.Build.0 = Debug|Any CPU
		{1B3B4C23-B26C-4064-AECD-D4F7A140A323}.Release|Any CPU.ActiveCfg = Release|Any CPU
		{1B3B4C23-B26C-4064-AECD-D4F7A140A323}.Release|Any CPU.Build.0 = Release|Any CPU
	EndGlobalSection
	GlobalSection(SolutionProperties) = preSolution
		HideSolutionNode = FALSE
	EndGlobalSection
	GlobalSection(ExtensibilityGlobals) = postSolution
		SolutionGuid = {34BA3145-6798-4A6C-950E-B614EB79F7D8}
	EndGlobalSection
EndGlobal
